
Microsoft Visual Studio Solution File, Format Version 11.00
# Visual Studio 2010
Project("{FAE04EC0-301F-11D3-BF4B-00C04F79EFBC}") = "NHStaticProxy", "NHStaticProxy\NHStaticProxy.csproj", "{51623325-C1BC-4EF4-A2B0-9A10F8258F0E}"
EndProject
Project("{FAE04EC0-301F-11D3-BF4B-00C04F79EFBC}") = "NHStaticProxy.Tests", "NHStaticProxy.Tests\NHStaticProxy.Tests.csproj", "{504640F1-6696-4131-8684-7F13590BBD81}"
EndProject
Global
	GlobalSection(SolutionConfigurationPlatforms) = preSolution
		Debug|Any CPU = Debug|Any CPU
		Release|Any CPU = Release|Any CPU
	EndGlobalSection
	GlobalSection(ProjectConfigurationPlatforms) = postSolution
		{51623325-C1BC-4EF4-A2B0-9A10F8258F0E}.Debug|Any CPU.ActiveCfg = Debug|Any CPU
		{51623325-C1BC-4EF4-A2B0-9A10F8258F0E}.Debug|Any CPU.Build.0 = Debug|Any CPU
		{51623325-C1BC-4EF4-A2B0-9A10F8258F0E}.Release|Any CPU.ActiveCfg = Release|Any CPU
		{51623325-C1BC-4EF4-A2B0-9A10F8258F0E}.Release|Any CPU.Build.0 = Release|Any CPU
		{504640F1-6696-4131-8684-7F13590BBD81}.Debug|Any CPU.ActiveCfg = Debug|Any CPU
		{504640F1-6696-4131-8684-7F13590BBD81}.Debug|Any CPU.Build.0 = Debug|Any CPU
		{504640F1-6696-4131-8684-7F13590BBD81}.Release|Any CPU.ActiveCfg = Release|Any CPU
		{504640F1-6696-4131-8684-7F13590BBD81}.Release|Any CPU.Build.0 = Release|Any CPU
	EndGlobalSection
	GlobalSection(SolutionProperties) = preSolution
		HideSolutionNode = FALSE
	EndGlobalSection
EndGlobal
